// !$*UTF8*$!
{
	archiveVersion = 1;
	classes = {
	};
	objectVersion = 56;
	objects = {

/* Begin PBXBuildFile section */
		8D2C181C2ACCC26D005A0E64 /* CreateWalletScreenController.swift in Sources */ = {isa = PBXBuildFile; fileRef = 8D2C181B2ACCC26D005A0E64 /* CreateWalletScreenController.swift */; };
		8D3710512AC0A939005ED639 /* Lottie in Frameworks */ = {isa = PBXBuildFile; productRef = 8D3710502AC0A939005ED639 /* Lottie */; };
		8D8F0D262ABE1706003CFF30 /* AppDelegate.swift in Sources */ = {isa = PBXBuildFile; fileRef = 8D8F0D252ABE1706003CFF30 /* AppDelegate.swift */; };
		8D8F0D282ABE1706003CFF30 /* SceneDelegate.swift in Sources */ = {isa = PBXBuildFile; fileRef = 8D8F0D272ABE1706003CFF30 /* SceneDelegate.swift */; };
		8D8F0D2A2ABE1706003CFF30 /* HomeViewController.swift in Sources */ = {isa = PBXBuildFile; fileRef = 8D8F0D292ABE1706003CFF30 /* HomeViewController.swift */; };
		8D8F0D2D2ABE1706003CFF30 /* Main.storyboard in Resources */ = {isa = PBXBuildFile; fileRef = 8D8F0D2B2ABE1706003CFF30 /* Main.storyboard */; };
		8D8F0D2F2ABE1708003CFF30 /* Assets.xcassets in Resources */ = {isa = PBXBuildFile; fileRef = 8D8F0D2E2ABE1708003CFF30 /* Assets.xcassets */; };
		8D8F0D322ABE1708003CFF30 /* LaunchScreen.storyboard in Resources */ = {isa = PBXBuildFile; fileRef = 8D8F0D302ABE1708003CFF30 /* LaunchScreen.storyboard */; };
		8DFE335B2ABF7FD500A7846D /* AccountController.swift in Sources */ = {isa = PBXBuildFile; fileRef = 8DFE335A2ABF7FD500A7846D /* AccountController.swift */; };
		8DFE33602ABF7FDE00A7846D /* CampaignController.swift in Sources */ = {isa = PBXBuildFile; fileRef = 8DFE335C2ABF7FDE00A7846D /* CampaignController.swift */; };
		8DFE33612ABF7FDE00A7846D /* CategoriesController.swift in Sources */ = {isa = PBXBuildFile; fileRef = 8DFE335D2ABF7FDE00A7846D /* CategoriesController.swift */; };
		8DFE33622ABF7FDE00A7846D /* TabBarController.swift in Sources */ = {isa = PBXBuildFile; fileRef = 8DFE335E2ABF7FDE00A7846D /* TabBarController.swift */; };
		8DFE33632ABF7FDE00A7846D /* WalletController.swift in Sources */ = {isa = PBXBuildFile; fileRef = 8DFE335F2ABF7FDE00A7846D /* WalletController.swift */; };
/* End PBXBuildFile section */

/* Begin PBXFileReference section */
		8D2C181B2ACCC26D005A0E64 /* CreateWalletScreenController.swift */ = {isa = PBXFileReference; lastKnownFileType = sourcecode.swift; path = CreateWalletScreenController.swift; sourceTree = "<group>"; };
		8D8F0D222ABE1706003CFF30 /* PazaramaApp.app */ = {isa = PBXFileReference; explicitFileType = wrapper.application; includeInIndex = 0; path = PazaramaApp.app; sourceTree = BUILT_PRODUCTS_DIR; };
		8D8F0D252ABE1706003CFF30 /* AppDelegate.swift */ = {isa = PBXFileReference; lastKnownFileType = sourcecode.swift; path = AppDelegate.swift; sourceTree = "<group>"; };
		8D8F0D272ABE1706003CFF30 /* SceneDelegate.swift */ = {isa = PBXFileReference; lastKnownFileType = sourcecode.swift; path = SceneDelegate.swift; sourceTree = "<group>"; };
		8D8F0D292ABE1706003CFF30 /* HomeViewController.swift */ = {isa = PBXFileReference; lastKnownFileType = sourcecode.swift; path = HomeViewController.swift; sourceTree = "<group>"; };
		8D8F0D2C2ABE1706003CFF30 /* Base */ = {isa = PBXFileReference; lastKnownFileType = file.storyboard; name = Base; path = Base.lproj/Main.storyboard; sourceTree = "<group>"; };
		8D8F0D2E2ABE1708003CFF30 /* Assets.xcassets */ = {isa = PBXFileReference; lastKnownFileType = folder.assetcatalog; path = Assets.xcassets; sourceTree = "<group>"; };
		8D8F0D312ABE1708003CFF30 /* Base */ = {isa = PBXFileReference; lastKnownFileType = file.storyboard; name = Base; path = Base.lproj/LaunchScreen.storyboard; sourceTree = "<group>"; };
		8D8F0D332ABE1708003CFF30 /* Info.plist */ = {isa = PBXFileReference; lastKnownFileType = text.plist.xml; path = Info.plist; sourceTree = "<group>"; };
		8DFE335A2ABF7FD500A7846D /* AccountController.swift */ = {isa = PBXFileReference; fileEncoding = 4; lastKnownFileType = sourcecode.swift; path = AccountController.swift; sourceTree = "<group>"; };
		8DFE335C2ABF7FDE00A7846D /* CampaignController.swift */ = {isa = PBXFileReference; fileEncoding = 4; lastKnownFileType = sourcecode.swift; path = CampaignController.swift; sourceTree = "<group>"; };
		8DFE335D2ABF7FDE00A7846D /* CategoriesController.swift */ = {isa = PBXFileReference; fileEncoding = 4; lastKnownFileType = sourcecode.swift; path = CategoriesController.swift; sourceTree = "<group>"; };
		8DFE335E2ABF7FDE00A7846D /* TabBarController.swift */ = {isa = PBXFileReference; fileEncoding = 4; lastKnownFileType = sourcecode.swift; path = TabBarController.swift; sourceTree = "<group>"; };
		8DFE335F2ABF7FDE00A7846D /* WalletController.swift */ = {isa = PBXFileReference; fileEncoding = 4; lastKnownFileType = sourcecode.swift; path = WalletController.swift; sourceTree = "<group>"; };
/* End PBXFileReference section */

/* Begin PBXFrameworksBuildPhase section */
		8D8F0D1F2ABE1706003CFF30 /* Frameworks */ = {
			isa = PBXFrameworksBuildPhase;
			buildActionMask = 2147483647;
			files = (
				8D3710512AC0A939005ED639 /* Lottie in Frameworks */,
			);
			runOnlyForDeploymentPostprocessing = 0;
		};
/* End PBXFrameworksBuildPhase section */

/* Begin PBXGroup section */
		8D8F0D192ABE1706003CFF30 = {
			isa = PBXGroup;
			children = (
				8D8F0D242ABE1706003CFF30 /* PazaramaApp */,
				8D8F0D232ABE1706003CFF30 /* Products */,
			);
			sourceTree = "<group>";
		};
		8D8F0D232ABE1706003CFF30 /* Products */ = {
			isa = PBXGroup;
			children = (
				8D8F0D222ABE1706003CFF30 /* PazaramaApp.app */,
			);
			name = Products;
			sourceTree = "<group>";
		};
		8D8F0D242ABE1706003CFF30 /* PazaramaApp */ = {
			isa = PBXGroup;
			children = (
				8DFE33592ABF7FC700A7846D /* TabController */,
				8D8F0D3A2ABE1BC0003CFF30 /* Files */,
				8D8F0D392ABE1BB8003CFF30 /* Controller */,
			);
			path = PazaramaApp;
			sourceTree = "<group>";
		};
		8D8F0D392ABE1BB8003CFF30 /* Controller */ = {
			isa = PBXGroup;
			children = (
				8D8F0D292ABE1706003CFF30 /* HomeViewController.swift */,
				8D2C181B2ACCC26D005A0E64 /* CreateWalletScreenController.swift */,
			);
			path = Controller;
			sourceTree = "<group>";
		};
		8D8F0D3A2ABE1BC0003CFF30 /* Files */ = {
			isa = PBXGroup;
			children = (
				8D8F0D2B2ABE1706003CFF30 /* Main.storyboard */,
				8D8F0D272ABE1706003CFF30 /* SceneDelegate.swift */,
				8D8F0D252ABE1706003CFF30 /* AppDelegate.swift */,
				8D8F0D302ABE1708003CFF30 /* LaunchScreen.storyboard */,
				8D8F0D2E2ABE1708003CFF30 /* Assets.xcassets */,
				8D8F0D332ABE1708003CFF30 /* Info.plist */,
			);
			name = Files;
			sourceTree = "<group>";
		};
		8DFE33592ABF7FC700A7846D /* TabController */ = {
			isa = PBXGroup;
			children = (
				8DFE335A2ABF7FD500A7846D /* AccountController.swift */,
				8DFE335C2ABF7FDE00A7846D /* CampaignController.swift */,
				8DFE335D2ABF7FDE00A7846D /* CategoriesController.swift */,
				8DFE335E2ABF7FDE00A7846D /* TabBarController.swift */,
				8DFE335F2ABF7FDE00A7846D /* WalletController.swift */,
			);
			path = TabController;
			sourceTree = "<group>";
		};
/* End PBXGroup section */

/* Begin PBXNativeTarget section */
		8D8F0D212ABE1706003CFF30 /* PazaramaApp */ = {
			isa = PBXNativeTarget;
			buildConfigurationList = 8D8F0D362ABE1708003CFF30 /* Build configuration list for PBXNativeTarget "PazaramaApp" */;
			buildPhases = (
				8D8F0D1E2ABE1706003CFF30 /* Sources */,
				8D8F0D1F2ABE1706003CFF30 /* Frameworks */,
				8D8F0D202ABE1706003CFF30 /* Resources */,
			);
			buildRules = (
			);
			dependencies = (
			);
			name = PazaramaApp;
			packageProductDependencies = (
				8D3710502AC0A939005ED639 /* Lottie */,
			);
			productName = PazaramaApp;
			productReference = 8D8F0D222ABE1706003CFF30 /* PazaramaApp.app */;
			productType = "com.apple.product-type.application";
		};
/* End PBXNativeTarget section */

/* Begin PBXProject section */
		8D8F0D1A2ABE1706003CFF30 /* Project object */ = {
			isa = PBXProject;
			attributes = {
				BuildIndependentTargetsInParallel = 1;
				LastSwiftUpdateCheck = 1430;
				LastUpgradeCheck = 1430;
				TargetAttributes = {
					8D8F0D212ABE1706003CFF30 = {
						CreatedOnToolsVersion = 14.3.1;
					};
				};
			};
			buildConfigurationList = 8D8F0D1D2ABE1706003CFF30 /* Build configuration list for PBXProject "PazaramaApp" */;
			compatibilityVersion = "Xcode 14.0";
			developmentRegion = en;
			hasScannedForEncodings = 0;
			knownRegions = (
				en,
				Base,
			);
			mainGroup = 8D8F0D192ABE1706003CFF30;
			packageReferences = (
				8D37104F2AC0A939005ED639 /* XCRemoteSwiftPackageReference "lottie-spm" */,
			);
			productRefGroup = 8D8F0D232ABE1706003CFF30 /* Products */;
			projectDirPath = "";
			projectRoot = "";
			targets = (
				8D8F0D212ABE1706003CFF30 /* PazaramaApp */,
			);
		};
/* End PBXProject section */

/* Begin PBXResourcesBuildPhase section */
		8D8F0D202ABE1706003CFF30 /* Resources */ = {
			isa = PBXResourcesBuildPhase;
			buildActionMask = 2147483647;
			files = (
				8D8F0D322ABE1708003CFF30 /* LaunchScreen.storyboard in Resources */,
				8D8F0D2F2ABE1708003CFF30 /* Assets.xcassets in Resources */,
				8D8F0D2D2ABE1706003CFF30 /* Main.storyboard in Resources */,
			);
			runOnlyForDeploymentPostprocessing = 0;
		};
/* End PBXResourcesBuildPhase section */

/* Begin PBXSourcesBuildPhase section */
		8D8F0D1E2ABE1706003CFF30 /* Sources */ = {
			isa = PBXSourcesBuildPhase;
			buildActionMask = 2147483647;
			files = (
				8DFE33602ABF7FDE00A7846D /* CampaignController.swift in Sources */,
				8D8F0D2A2ABE1706003CFF30 /* HomeViewController.swift in Sources */,
				8D8F0D262ABE1706003CFF30 /* AppDelegate.swift in Sources */,
				8DFE33612ABF7FDE00A7846D /* CategoriesController.swift in Sources */,
				8DFE33622ABF7FDE00A7846D /* TabBarController.swift in Sources */,
				8D2C181C2ACCC26D005A0E64 /* CreateWalletScreenController.swift in Sources */,
				8D8F0D282ABE1706003CFF30 /* SceneDelegate.swift in Sources */,
				8DFE33632ABF7FDE00A7846D /* WalletController.swift in Sources */,
				8DFE335B2ABF7FD500A7846D /* AccountController.swift in Sources */,
			);
			runOnlyForDeploymentPostprocessing = 0;
		};
/* End PBXSourcesBuildPhase section */

/* Begin PBXVariantGroup section */
		8D8F0D2B2ABE1706003CFF30 /* Main.storyboard */ = {
			isa = PBXVariantGroup;
			children = (
				8D8F0D2C2ABE1706003CFF30 /* Base */,
			);
			name = Main.storyboard;
			sourceTree = "<group>";
		};
		8D8F0D302ABE1708003CFF30 /* LaunchScreen.storyboard */ = {
			isa = PBXVariantGroup;
			children = (
				8D8F0D312ABE1708003CFF30 /* Base */,
			);
			name = LaunchScreen.storyboard;
			sourceTree = "<group>";
		};
/* End PBXVariantGroup section */

/* Begin XCBuildConfiguration section */
		8D8F0D342ABE1708003CFF30 /* Debug */ = {
			isa = XCBuildConfiguration;
			buildSettings = {
				ALWAYS_SEARCH_USER_PATHS = NO;
				CLANG_ANALYZER_NONNULL = YES;
				CLANG_ANALYZER_NUMBER_OBJECT_CONVERSION = YES_AGGRESSIVE;
				CLANG_CXX_LANGUAGE_STANDARD = "gnu++20";
				CLANG_ENABLE_MODULES = YES;
				CLANG_ENABLE_OBJC_ARC = YES;
				CLANG_ENABLE_OBJC_WEAK = YES;
				CLANG_WARN_BLOCK_CAPTURE_AUTORELEASING = YES;
				CLANG_WARN_BOOL_CONVERSION = YES;
				CLANG_WARN_COMMA = YES;
				CLANG_WARN_CONSTANT_CONVERSION = YES;
				CLANG_WARN_DEPRECATED_OBJC_IMPLEMENTATIONS = YES;
				CLANG_WARN_DIRECT_OBJC_ISA_USAGE = YES_ERROR;
				CLANG_WARN_DOCUMENTATION_COMMENTS = YES;
				CLANG_WARN_EMPTY_BODY = YES;
				CLANG_WARN_ENUM_CONVERSION = YES;
				CLANG_WARN_INFINITE_RECURSION = YES;
				CLANG_WARN_INT_CONVERSION = YES;
				CLANG_WARN_NON_LITERAL_NULL_CONVERSION = YES;
				CLANG_WARN_OBJC_IMPLICIT_RETAIN_SELF = YES;
				CLANG_WARN_OBJC_LITERAL_CONVERSION = YES;
				CLANG_WARN_OBJC_ROOT_CLASS = YES_ERROR;
				CLANG_WARN_QUOTED_INCLUDE_IN_FRAMEWORK_HEADER = YES;
				CLANG_WARN_RANGE_LOOP_ANALYSIS = YES;
				CLANG_WARN_STRICT_PROTOTYPES = YES;
				CLANG_WARN_SUSPICIOUS_MOVE = YES;
				CLANG_WARN_UNGUARDED_AVAILABILITY = YES_AGGRESSIVE;
				CLANG_WARN_UNREACHABLE_CODE = YES;
				CLANG_WARN__DUPLICATE_METHOD_MATCH = YES;
				COPY_PHASE_STRIP = NO;
				DEBUG_INFORMATION_FORMAT = dwarf;
				ENABLE_STRICT_OBJC_MSGSEND = YES;
				ENABLE_TESTABILITY = YES;
				GCC_C_LANGUAGE_STANDARD = gnu11;
				GCC_DYNAMIC_NO_PIC = NO;
				GCC_NO_COMMON_BLOCKS = YES;
				GCC_OPTIMIZATION_LEVEL = 0;
				GCC_PREPROCESSOR_DEFINITIONS = (
					"DEBUG=1",
					"$(inherited)",
				);
				GCC_WARN_64_TO_32_BIT_CONVERSION = YES;
				GCC_WARN_ABOUT_RETURN_TYPE = YES_ERROR;
				GCC_WARN_UNDECLARED_SELECTOR = YES;
				GCC_WARN_UNINITIALIZED_AUTOS = YES_AGGRESSIVE;
				GCC_WARN_UNUSED_FUNCTION = YES;
				GCC_WARN_UNUSED_VARIABLE = YES;
				IPHONEOS_DEPLOYMENT_TARGET = 16.4;
				MTL_ENABLE_DEBUG_INFO = INCLUDE_SOURCE;
				MTL_FAST_MATH = YES;
				ONLY_ACTIVE_ARCH = YES;
				SDKROOT = iphoneos;
				SWIFT_ACTIVE_COMPILATION_CONDITIONS = DEBUG;
				SWIFT_OPTIMIZATION_LEVEL = "-Onone";
			};
			name = Debug;
		};
		8D8F0D352ABE1708003CFF30 /* Release */ = {
			isa = XCBuildConfiguration;
			buildSettings = {
				ALWAYS_SEARCH_USER_PATHS = NO;
				CLANG_ANALYZER_NONNULL = YES;
				CLANG_ANALYZER_NUMBER_OBJECT_CONVERSION = YES_AGGRESSIVE;
				CLANG_CXX_LANGUAGE_STANDARD = "gnu++20";
				CLANG_ENABLE_MODULES = YES;
				CLANG_ENABLE_OBJC_ARC = YES;
				CLANG_ENABLE_OBJC_WEAK = YES;
				CLANG_WARN_BLOCK_CAPTURE_AUTORELEASING = YES;
				CLANG_WARN_BOOL_CONVERSION = YES;
				CLANG_WARN_COMMA = YES;
				CLANG_WARN_CONSTANT_CONVERSION = YES;
				CLANG_WARN_DEPRECATED_OBJC_IMPLEMENTATIONS = YES;
				CLANG_WARN_DIRECT_OBJC_ISA_USAGE = YES_ERROR;
				CLANG_WARN_DOCUMENTATION_COMMENTS = YES;
				CLANG_WARN_EMPTY_BODY = YES;
				CLANG_WARN_ENUM_CONVERSION = YES;
				CLANG_WARN_INFINITE_RECURSION = YES;
				CLANG_WARN_INT_CONVERSION = YES;
				CLANG_WARN_NON_LITERAL_NULL_CONVERSION = YES;
				CLANG_WARN_OBJC_IMPLICIT_RETAIN_SELF = YES;
				CLANG_WARN_OBJC_LITERAL_CONVERSION = YES;
				CLANG_WARN_OBJC_ROOT_CLASS = YES_ERROR;
				CLANG_WARN_QUOTED_INCLUDE_IN_FRAMEWORK_HEADER = YES;
				CLANG_WARN_RANGE_LOOP_ANALYSIS = YES;
				CLANG_WARN_STRICT_PROTOTYPES = YES;
				CLANG_WARN_SUSPICIOUS_MOVE = YES;
				CLANG_WARN_UNGUARDED_AVAILABILITY = YES_AGGRESSIVE;
				CLANG_WARN_UNREACHABLE_CODE = YES;
				CLANG_WARN__DUPLICATE_METHOD_MATCH = YES;
				COPY_PHASE_STRIP = NO;
				DEBUG_INFORMATION_FORMAT = "dwarf-with-dsym";
				ENABLE_NS_ASSERTIONS = NO;
				ENABLE_STRICT_OBJC_MSGSEND = YES;
				GCC_C_LANGUAGE_STANDARD = gnu11;
				GCC_NO_COMMON_BLOCKS = YES;
				GCC_WARN_64_TO_32_BIT_CONVERSION = YES;
				GCC_WARN_ABOUT_RETURN_TYPE = YES_ERROR;
				GCC_WARN_UNDECLARED_SELECTOR = YES;
				GCC_WARN_UNINITIALIZED_AUTOS = YES_AGGRESSIVE;
				GCC_WARN_UNUSED_FUNCTION = YES;
				GCC_WARN_UNUSED_VARIABLE = YES;
				IPHONEOS_DEPLOYMENT_TARGET = 16.4;
				MTL_ENABLE_DEBUG_INFO = NO;
				MTL_FAST_MATH = YES;
				SDKROOT = iphoneos;
				SWIFT_COMPILATION_MODE = wholemodule;
				SWIFT_OPTIMIZATION_LEVEL = "-O";
				VALIDATE_PRODUCT = YES;
			};
			name = Release;
		};
		8D8F0D372ABE1708003CFF30 /* Debug */ = {
			isa = XCBuildConfiguration;
			buildSettings = {
				ASSETCATALOG_COMPILER_APPICON_NAME = AppIcon;
				ASSETCATALOG_COMPILER_GLOBAL_ACCENT_COLOR_NAME = AccentColor;
				CODE_SIGN_STYLE = Automatic;
				CURRENT_PROJECT_VERSION = 1;
				DEVELOPMENT_TEAM = YM66DH2MW6;
				GENERATE_INFOPLIST_FILE = YES;
				INFOPLIST_FILE = PazaramaApp/Info.plist;
				INFOPLIST_KEY_UIApplicationSupportsIndirectInputEvents = YES;
				INFOPLIST_KEY_UILaunchStoryboardName = LaunchScreen;
				INFOPLIST_KEY_UIMainStoryboardFile = Main;
				INFOPLIST_KEY_UISupportedInterfaceOrientations = UIInterfaceOrientationPortrait;
				INFOPLIST_KEY_UISupportedInterfaceOrientations_iPad = "UIInterfaceOrientationLandscapeLeft UIInterfaceOrientationLandscapeRight UIInterfaceOrientationPortrait UIInterfaceOrientationPortraitUpsideDown";
				IPHONEOS_DEPLOYMENT_TARGET = 16.4;
				LD_RUNPATH_SEARCH_PATHS = (
					"$(inherited)",
					"@executable_path/Frameworks",
				);
				MARKETING_VERSION = 1.0;
				PRODUCT_BUNDLE_IDENTIFIER = com.sukrusimsek.PazaramaApp;
				PRODUCT_NAME = "$(TARGET_NAME)";
				SWIFT_EMIT_LOC_STRINGS = YES;
				SWIFT_VERSION = 5.0;
				TARGETED_DEVICE_FAMILY = "1,2";
			};
			name = Debug;
		};
		8D8F0D382ABE1708003CFF30 /* Release */ = {
			isa = XCBuildConfiguration;
			buildSettings = {
				ASSETCATALOG_COMPILER_APPICON_NAME = AppIcon;
				ASSETCATALOG_COMPILER_GLOBAL_ACCENT_COLOR_NAME = AccentColor;
				CODE_SIGN_STYLE = Automatic;
				CURRENT_PROJECT_VERSION = 1;
				DEVELOPMENT_TEAM = YM66DH2MW6;
				GENERATE_INFOPLIST_FILE = YES;
				INFOPLIST_FILE = PazaramaApp/Info.plist;
				INFOPLIST_KEY_UIApplicationSupportsIndirectInputEvents = YES;
				INFOPLIST_KEY_UILaunchStoryboardName = LaunchScreen;
				INFOPLIST_KEY_UIMainStoryboardFile = Main;
				INFOPLIST_KEY_UISupportedInterfaceOrientations = UIInterfaceOrientationPortrait;
				INFOPLIST_KEY_UISupportedInterfaceOrientations_iPad = "UIInterfaceOrientationLandscapeLeft UIInterfaceOrientationLandscapeRight UIInterfaceOrientationPortrait UIInterfaceOrientationPortraitUpsideDown";
				IPHONEOS_DEPLOYMENT_TARGET = 16.4;
				LD_RUNPATH_SEARCH_PATHS = (
					"$(inherited)",
					"@executable_path/Frameworks",
				);
				MARKETING_VERSION = 1.0;
				PRODUCT_BUNDLE_IDENTIFIER = com.sukrusimsek.PazaramaApp;
				PRODUCT_NAME = "$(TARGET_NAME)";
				SWIFT_EMIT_LOC_STRINGS = YES;
				SWIFT_VERSION = 5.0;
				TARGETED_DEVICE_FAMILY = "1,2";
			};
			name = Release;
		};
/* End XCBuildConfiguration section */

/* Begin XCConfigurationList section */
		8D8F0D1D2ABE1706003CFF30 /* Build configuration list for PBXProject "PazaramaApp" */ = {
			isa = XCConfigurationList;
			buildConfigurations = (
				8D8F0D342ABE1708003CFF30 /* Debug */,
				8D8F0D352ABE1708003CFF30 /* Release */,
			);
			defaultConfigurationIsVisible = 0;
			defaultConfigurationName = Release;
		};
		8D8F0D362ABE1708003CFF30 /* Build configuration list for PBXNativeTarget "PazaramaApp" */ = {
			isa = XCConfigurationList;
			buildConfigurations = (
				8D8F0D372ABE1708003CFF30 /* Debug */,
				8D8F0D382ABE1708003CFF30 /* Release */,
			);
			defaultConfigurationIsVisible = 0;
			defaultConfigurationName = Release;
		};
/* End XCConfigurationList section */

/* Begin XCRemoteSwiftPackageReference section */
		8D37104F2AC0A939005ED639 /* XCRemoteSwiftPackageReference "lottie-spm" */ = {
			isa = XCRemoteSwiftPackageReference;
			repositoryURL = "https://github.com/airbnb/lottie-spm.git";
			requirement = {
				kind = upToNextMajorVersion;
				minimumVersion = 4.0.0;
			};
		};
/* End XCRemoteSwiftPackageReference section */

/* Begin XCSwiftPackageProductDependency section */
		8D3710502AC0A939005ED639 /* Lottie */ = {
			isa = XCSwiftPackageProductDependency;
			package = 8D37104F2AC0A939005ED639 /* XCRemoteSwiftPackageReference "lottie-spm" */;
			productName = Lottie;
		};
/* End XCSwiftPackageProductDependency section */
	};
	rootObject = 8D8F0D1A2ABE1706003CFF30 /* Project object */;
}
